// !$*UTF8*$!
{
	archiveVersion = 1;
	classes = {
	};
	objectVersion = 50;
	objects = {

/* Begin PBXBuildFile section */
		F3E27C6320C77BF7003F3DBB /* AppDelegate.swift in Sources */ = {isa = PBXBuildFile; fileRef = F3E27C5C20C77BF7003F3DBB /* AppDelegate.swift */; };
		F3E27C6420C77BF7003F3DBB /* LaunchScreen.storyboard in Resources */ = {isa = PBXBuildFile; fileRef = F3E27C5E20C77BF7003F3DBB /* LaunchScreen.storyboard */; };
		F3E27C6520C77BF7003F3DBB /* Assets.xcassets in Resources */ = {isa = PBXBuildFile; fileRef = F3E27C5F20C77BF7003F3DBB /* Assets.xcassets */; };
		F3E27C6620C77BF7003F3DBB /* Main.storyboard in Resources */ = {isa = PBXBuildFile; fileRef = F3E27C6020C77BF7003F3DBB /* Main.storyboard */; };
		F3E27C6C20C78CF4003F3DBB /* yes.json in Resources */ = {isa = PBXBuildFile; fileRef = F3E27C6920C78CF4003F3DBB /* yes.json */; };
		F3E27C7020C78D2C003F3DBB /* Simple.storyboard in Resources */ = {isa = PBXBuildFile; fileRef = F3E27C6F20C78D2C003F3DBB /* Simple.storyboard */; };
		F3E27C7220C78D7F003F3DBB /* SimpleSampleViewController.swift in Sources */ = {isa = PBXBuildFile; fileRef = F3E27C7120C78D7F003F3DBB /* SimpleSampleViewController.swift */; };
		F3E27C7520C78E3F003F3DBB /* Lottie.framework in Frameworks */ = {isa = PBXBuildFile; fileRef = F3E27C7420C78E3F003F3DBB /* Lottie.framework */; };
		F3E27C7820C795C4003F3DBB /* FromAir.storyboard in Resources */ = {isa = PBXBuildFile; fileRef = F3E27C7720C795C4003F3DBB /* FromAir.storyboard */; };
		F3E27C7A20C798B9003F3DBB /* FromAirSampleViewController.swift in Sources */ = {isa = PBXBuildFile; fileRef = F3E27C7920C798B8003F3DBB /* FromAirSampleViewController.swift */; };
/* End PBXBuildFile section */

/* Begin PBXFileReference section */
		F3E27C4420C77B1F003F3DBB /* LottieSample.app */ = {isa = PBXFileReference; explicitFileType = wrapper.application; includeInIndex = 0; path = LottieSample.app; sourceTree = BUILT_PRODUCTS_DIR; };
		F3E27C5C20C77BF7003F3DBB /* AppDelegate.swift */ = {isa = PBXFileReference; fileEncoding = 4; lastKnownFileType = sourcecode.swift; path = AppDelegate.swift; sourceTree = "<group>"; };
		F3E27C5E20C77BF7003F3DBB /* LaunchScreen.storyboard */ = {isa = PBXFileReference; fileEncoding = 4; lastKnownFileType = file.storyboard; path = LaunchScreen.storyboard; sourceTree = "<group>"; };
		F3E27C5F20C77BF7003F3DBB /* Assets.xcassets */ = {isa = PBXFileReference; lastKnownFileType = folder.assetcatalog; path = Assets.xcassets; sourceTree = "<group>"; };
		F3E27C6020C77BF7003F3DBB /* Main.storyboard */ = {isa = PBXFileReference; fileEncoding = 4; lastKnownFileType = file.storyboard; path = Main.storyboard; sourceTree = "<group>"; };
		F3E27C6120C77BF7003F3DBB /* Info.plist */ = {isa = PBXFileReference; fileEncoding = 4; lastKnownFileType = text.plist.xml; path = Info.plist; sourceTree = "<group>"; };
		F3E27C6920C78CF4003F3DBB /* yes.json */ = {isa = PBXFileReference; fileEncoding = 4; lastKnownFileType = text.json; path = yes.json; sourceTree = "<group>"; };
		F3E27C6F20C78D2C003F3DBB /* Simple.storyboard */ = {isa = PBXFileReference; lastKnownFileType = file.storyboard; path = Simple.storyboard; sourceTree = "<group>"; };
		F3E27C7120C78D7F003F3DBB /* SimpleSampleViewController.swift */ = {isa = PBXFileReference; fileEncoding = 4; lastKnownFileType = sourcecode.swift; path = SimpleSampleViewController.swift; sourceTree = "<group>"; };
		F3E27C7420C78E3F003F3DBB /* Lottie.framework */ = {isa = PBXFileReference; lastKnownFileType = wrapper.framework; name = Lottie.framework; path = Carthage/Build/iOS/Lottie.framework; sourceTree = "<group>"; };
		F3E27C7720C795C4003F3DBB /* FromAir.storyboard */ = {isa = PBXFileReference; lastKnownFileType = file.storyboard; path = FromAir.storyboard; sourceTree = "<group>"; };
		F3E27C7920C798B8003F3DBB /* FromAirSampleViewController.swift */ = {isa = PBXFileReference; fileEncoding = 4; lastKnownFileType = sourcecode.swift; path = FromAirSampleViewController.swift; sourceTree = "<group>"; };
/* End PBXFileReference section */

/* Begin PBXFrameworksBuildPhase section */
		F3E27C4120C77B1F003F3DBB /* Frameworks */ = {
			isa = PBXFrameworksBuildPhase;
			buildActionMask = 2147483647;
			files = (
				F3E27C7520C78E3F003F3DBB /* Lottie.framework in Frameworks */,
			);
			runOnlyForDeploymentPostprocessing = 0;
		};
/* End PBXFrameworksBuildPhase section */

/* Begin PBXGroup section */
		F3E27C3B20C77B1F003F3DBB = {
			isa = PBXGroup;
			children = (
				F3E27C5920C77BF7003F3DBB /* app */,
				F3E27C4520C77B1F003F3DBB /* Products */,
				F3E27C7320C78E3F003F3DBB /* Frameworks */,
			);
			sourceTree = "<group>";
		};
		F3E27C4520C77B1F003F3DBB /* Products */ = {
			isa = PBXGroup;
			children = (
				F3E27C4420C77B1F003F3DBB /* LottieSample.app */,
			);
			name = Products;
			sourceTree = "<group>";
		};
		F3E27C5920C77BF7003F3DBB /* app */ = {
			isa = PBXGroup;
			children = (
				F3E27C5A20C77BF7003F3DBB /* code */,
				F3E27C5D20C77BF7003F3DBB /* resource */,
				F3E27C6120C77BF7003F3DBB /* Info.plist */,
			);
			path = app;
			sourceTree = "<group>";
		};
		F3E27C5A20C77BF7003F3DBB /* code */ = {
			isa = PBXGroup;
			children = (
				F3E27C5C20C77BF7003F3DBB /* AppDelegate.swift */,
				F3E27C7120C78D7F003F3DBB /* SimpleSampleViewController.swift */,
				F3E27C7920C798B8003F3DBB /* FromAirSampleViewController.swift */,
			);
			path = code;
			sourceTree = "<group>";
		};
		F3E27C5D20C77BF7003F3DBB /* resource */ = {
			isa = PBXGroup;
			children = (
				F3E27C6820C78CF4003F3DBB /* animations */,
				F3E27C5E20C77BF7003F3DBB /* LaunchScreen.storyboard */,
				F3E27C6020C77BF7003F3DBB /* Main.storyboard */,
				F3E27C6F20C78D2C003F3DBB /* Simple.storyboard */,
				F3E27C7720C795C4003F3DBB /* FromAir.storyboard */,
				F3E27C5F20C77BF7003F3DBB /* Assets.xcassets */,
			);
			path = resource;
			sourceTree = "<group>";
		};
		F3E27C6820C78CF4003F3DBB /* animations */ = {
			isa = PBXGroup;
			children = (
				F3E27C6920C78CF4003F3DBB /* yes.json */,
			);
			path = animations;
			sourceTree = "<group>";
		};
		F3E27C7320C78E3F003F3DBB /* Frameworks */ = {
			isa = PBXGroup;
			children = (
				F3E27C7420C78E3F003F3DBB /* Lottie.framework */,
			);
			name = Frameworks;
			sourceTree = "<group>";
		};
/* End PBXGroup section */

/* Begin PBXNativeTarget section */
		F3E27C4320C77B1F003F3DBB /* LottieSample */ = {
			isa = PBXNativeTarget;
			buildConfigurationList = F3E27C5620C77B20003F3DBB /* Build configuration list for PBXNativeTarget "LottieSample" */;
			buildPhases = (
				F3E27C4020C77B1F003F3DBB /* Sources */,
				F3E27C4120C77B1F003F3DBB /* Frameworks */,
				F3E27C4220C77B1F003F3DBB /* Resources */,
				F3E27C7620C78E85003F3DBB /* Copy frameworks for Carthage */,
			);
			buildRules = (
			);
			dependencies = (
			);
			name = LottieSample;
			productName = LottieSample;
			productReference = F3E27C4420C77B1F003F3DBB /* LottieSample.app */;
			productType = "com.apple.product-type.application";
		};
/* End PBXNativeTarget section */

/* Begin PBXProject section */
		F3E27C3C20C77B1F003F3DBB /* Project object */ = {
			isa = PBXProject;
			attributes = {
				LastSwiftUpdateCheck = 1000;
				LastUpgradeCheck = 1000;
				ORGANIZATIONNAME = Spinners;
				TargetAttributes = {
					F3E27C4320C77B1F003F3DBB = {
						CreatedOnToolsVersion = 10.0;
					};
				};
			};
			buildConfigurationList = F3E27C3F20C77B1F003F3DBB /* Build configuration list for PBXProject "LottieSample" */;
			compatibilityVersion = "Xcode 9.3";
			developmentRegion = en;
			hasScannedForEncodings = 0;
			knownRegions = (
				en,
				Base,
			);
			mainGroup = F3E27C3B20C77B1F003F3DBB;
			productRefGroup = F3E27C4520C77B1F003F3DBB /* Products */;
			projectDirPath = "";
			projectRoot = "";
			targets = (
				F3E27C4320C77B1F003F3DBB /* LottieSample */,
			);
		};
/* End PBXProject section */

/* Begin PBXResourcesBuildPhase section */
		F3E27C4220C77B1F003F3DBB /* Resources */ = {
			isa = PBXResourcesBuildPhase;
			buildActionMask = 2147483647;
			files = (
				F3E27C6620C77BF7003F3DBB /* Main.storyboard in Resources */,
				F3E27C6C20C78CF4003F3DBB /* yes.json in Resources */,
				F3E27C7020C78D2C003F3DBB /* Simple.storyboard in Resources */,
				F3E27C6520C77BF7003F3DBB /* Assets.xcassets in Resources */,
				F3E27C6420C77BF7003F3DBB /* LaunchScreen.storyboard in Resources */,
				F3E27C7820C795C4003F3DBB /* FromAir.storyboard in Resources */,
			);
			runOnlyForDeploymentPostprocessing = 0;
		};
/* End PBXResourcesBuildPhase section */

/* Begin PBXShellScriptBuildPhase section */
		F3E27C7620C78E85003F3DBB /* Copy frameworks for Carthage */ = {
			isa = PBXShellScriptBuildPhase;
			buildActionMask = 2147483647;
			files = (
			);
			inputFileListPaths = (
			);
			inputPaths = (
				"$(SRCROOT)/Carthage/Build/iOS/Lottie.framework",
			);
			name = "Copy frameworks for Carthage";
			outputFileListPaths = (
			);
			outputPaths = (
				"$(BUILT_PRODUCTS_DIR)/$(FRAMEWORKS_FOLDER_PATH)/Lottie.framework",
			);
			runOnlyForDeploymentPostprocessing = 0;
			shellPath = /bin/sh;
			shellScript = "# Type a script or drag a script file from your workspace to insert its path.\n";
		};
/* End PBXShellScriptBuildPhase section */

/* Begin PBXSourcesBuildPhase section */
		F3E27C4020C77B1F003F3DBB /* Sources */ = {
			isa = PBXSourcesBuildPhase;
			buildActionMask = 2147483647;
			files = (
				F3E27C7220C78D7F003F3DBB /* SimpleSampleViewController.swift in Sources */,
				F3E27C7A20C798B9003F3DBB /* FromAirSampleViewController.swift in Sources */,
				F3E27C6320C77BF7003F3DBB /* AppDelegate.swift in Sources */,
			);
			runOnlyForDeploymentPostprocessing = 0;
		};
/* End PBXSourcesBuildPhase section */

/* Begin XCBuildConfiguration section */
		F3E27C5420C77B20003F3DBB /* Debug */ = {
			isa = XCBuildConfiguration;
			buildSettings = {
				ALWAYS_SEARCH_USER_PATHS = NO;
				CLANG_ANALYZER_NONNULL = YES;
				CLANG_ANALYZER_NUMBER_OBJECT_CONVERSION = YES_AGGRESSIVE;
				CLANG_CXX_LANGUAGE_STANDARD = "gnu++14";
				CLANG_CXX_LIBRARY = "libc++";
				CLANG_ENABLE_MODULES = YES;
				CLANG_ENABLE_OBJC_ARC = YES;
				CLANG_ENABLE_OBJC_WEAK = YES;
				CLANG_WARN_BLOCK_CAPTURE_AUTORELEASING = YES;
				CLANG_WARN_BOOL_CONVERSION = YES;
				CLANG_WARN_COMMA = YES;
				CLANG_WARN_CONSTANT_CONVERSION = YES;
				CLANG_WARN_DEPRECATED_OBJC_IMPLEMENTATIONS = YES;
				CLANG_WARN_DIRECT_OBJC_ISA_USAGE = YES_ERROR;
				CLANG_WARN_DOCUMENTATION_COMMENTS = YES;
				CLANG_WARN_EMPTY_BODY = YES;
				CLANG_WARN_ENUM_CONVERSION = YES;
				CLANG_WARN_INFINITE_RECURSION = YES;
				CLANG_WARN_INT_CONVERSION = YES;
				CLANG_WARN_NON_LITERAL_NULL_CONVERSION = YES;
				CLANG_WARN_OBJC_IMPLICIT_RETAIN_SELF = YES;
				CLANG_WARN_OBJC_LITERAL_CONVERSION = YES;
				CLANG_WARN_OBJC_ROOT_CLASS = YES_ERROR;
				CLANG_WARN_RANGE_LOOP_ANALYSIS = YES;
				CLANG_WARN_STRICT_PROTOTYPES = YES;
				CLANG_WARN_SUSPICIOUS_MOVE = YES;
				CLANG_WARN_UNGUARDED_AVAILABILITY = YES_AGGRESSIVE;
				CLANG_WARN_UNREACHABLE_CODE = YES;
				CLANG_WARN__DUPLICATE_METHOD_MATCH = YES;
				CODE_SIGN_IDENTITY = "iPhone Developer";
				COPY_PHASE_STRIP = NO;
				DEBUG_INFORMATION_FORMAT = dwarf;
				ENABLE_STRICT_OBJC_MSGSEND = YES;
				ENABLE_TESTABILITY = YES;
				GCC_C_LANGUAGE_STANDARD = gnu11;
				GCC_DYNAMIC_NO_PIC = NO;
				GCC_NO_COMMON_BLOCKS = YES;
				GCC_OPTIMIZATION_LEVEL = 0;
				GCC_PREPROCESSOR_DEFINITIONS = (
					"DEBUG=1",
					"$(inherited)",
				);
				GCC_WARN_64_TO_32_BIT_CONVERSION = YES;
				GCC_WARN_ABOUT_RETURN_TYPE = YES_ERROR;
				GCC_WARN_UNDECLARED_SELECTOR = YES;
				GCC_WARN_UNINITIALIZED_AUTOS = YES_AGGRESSIVE;
				GCC_WARN_UNUSED_FUNCTION = YES;
				GCC_WARN_UNUSED_VARIABLE = YES;
				IPHONEOS_DEPLOYMENT_TARGET = 12.0;
				MTL_ENABLE_DEBUG_INFO = INCLUDE_SOURCE;
				ONLY_ACTIVE_ARCH = YES;
				SDKROOT = iphoneos;
				SWIFT_ACTIVE_COMPILATION_CONDITIONS = DEBUG;
				SWIFT_OPTIMIZATION_LEVEL = "-Onone";
			};
			name = Debug;
		};
		F3E27C5520C77B20003F3DBB /* Release */ = {
			isa = XCBuildConfiguration;
			buildSettings = {
				ALWAYS_SEARCH_USER_PATHS = NO;
				CLANG_ANALYZER_NONNULL = YES;
				CLANG_ANALYZER_NUMBER_OBJECT_CONVERSION = YES_AGGRESSIVE;
				CLANG_CXX_LANGUAGE_STANDARD = "gnu++14";
				CLANG_CXX_LIBRARY = "libc++";
				CLANG_ENABLE_MODULES = YES;
				CLANG_ENABLE_OBJC_ARC = YES;
				CLANG_ENABLE_OBJC_WEAK = YES;
				CLANG_WARN_BLOCK_CAPTURE_AUTORELEASING = YES;
				CLANG_WARN_BOOL_CONVERSION = YES;
				CLANG_WARN_COMMA = YES;
				CLANG_WARN_CONSTANT_CONVERSION = YES;
				CLANG_WARN_DEPRECATED_OBJC_IMPLEMENTATIONS = YES;
				CLANG_WARN_DIRECT_OBJC_ISA_USAGE = YES_ERROR;
				CLANG_WARN_DOCUMENTATION_COMMENTS = YES;
				CLANG_WARN_EMPTY_BODY = YES;
				CLANG_WARN_ENUM_CONVERSION = YES;
				CLANG_WARN_INFINITE_RECURSION = YES;
				CLANG_WARN_INT_CONVERSION = YES;
				CLANG_WARN_NON_LITERAL_NULL_CONVERSION = YES;
				CLANG_WARN_OBJC_IMPLICIT_RETAIN_SELF = YES;
				CLANG_WARN_OBJC_LITERAL_CONVERSION = YES;
				CLANG_WARN_OBJC_ROOT_CLASS = YES_ERROR;
				CLANG_WARN_RANGE_LOOP_ANALYSIS = YES;
				CLANG_WARN_STRICT_PROTOTYPES = YES;
				CLANG_WARN_SUSPICIOUS_MOVE = YES;
				CLANG_WARN_UNGUARDED_AVAILABILITY = YES_AGGRESSIVE;
				CLANG_WARN_UNREACHABLE_CODE = YES;
				CLANG_WARN__DUPLICATE_METHOD_MATCH = YES;
				CODE_SIGN_IDENTITY = "iPhone Developer";
				COPY_PHASE_STRIP = NO;
				DEBUG_INFORMATION_FORMAT = "dwarf-with-dsym";
				ENABLE_NS_ASSERTIONS = NO;
				ENABLE_STRICT_OBJC_MSGSEND = YES;
				GCC_C_LANGUAGE_STANDARD = gnu11;
				GCC_NO_COMMON_BLOCKS = YES;
				GCC_WARN_64_TO_32_BIT_CONVERSION = YES;
				GCC_WARN_ABOUT_RETURN_TYPE = YES_ERROR;
				GCC_WARN_UNDECLARED_SELECTOR = YES;
				GCC_WARN_UNINITIALIZED_AUTOS = YES_AGGRESSIVE;
				GCC_WARN_UNUSED_FUNCTION = YES;
				GCC_WARN_UNUSED_VARIABLE = YES;
				IPHONEOS_DEPLOYMENT_TARGET = 12.0;
				MTL_ENABLE_DEBUG_INFO = NO;
				SDKROOT = iphoneos;
				SWIFT_COMPILATION_MODE = wholemodule;
				SWIFT_OPTIMIZATION_LEVEL = "-O";
				VALIDATE_PRODUCT = YES;
			};
			name = Release;
		};
		F3E27C5720C77B20003F3DBB /* Debug */ = {
			isa = XCBuildConfiguration;
			buildSettings = {
				ASSETCATALOG_COMPILER_APPICON_NAME = AppIcon;
				CODE_SIGN_STYLE = Automatic;
				DEVELOPMENT_TEAM = 5AXCX2DUCQ;
				FRAMEWORK_SEARCH_PATHS = (
					"$(inherited)",
					"$(PROJECT_DIR)/Carthage/Build/iOS",
				);
				INFOPLIST_FILE = app/Info.plist;
				LD_RUNPATH_SEARCH_PATHS = (
					"$(inherited)",
					"@executable_path/Frameworks",
				);
				PRODUCT_BUNDLE_IDENTIFIER = work.spinners.sample.LottieSample;
				PRODUCT_NAME = "$(TARGET_NAME)";
				SWIFT_VERSION = 4.2;
				TARGETED_DEVICE_FAMILY = "1,2";
			};
			name = Debug;
		};
		F3E27C5820C77B20003F3DBB /* Release */ = {
			isa = XCBuildConfiguration;
			buildSettings = {
				ASSETCATALOG_COMPILER_APPICON_NAME = AppIcon;
				CODE_SIGN_STYLE = Automatic;
				DEVELOPMENT_TEAM = 5AXCX2DUCQ;
				FRAMEWORK_SEARCH_PATHS = (
					"$(inherited)",
					"$(PROJECT_DIR)/Carthage/Build/iOS",
				);
				INFOPLIST_FILE = app/Info.plist;
				LD_RUNPATH_SEARCH_PATHS = (
					"$(inherited)",
					"@executable_path/Frameworks",
				);
				PRODUCT_BUNDLE_IDENTIFIER = work.spinners.sample.LottieSample;
				PRODUCT_NAME = "$(TARGET_NAME)";
				SWIFT_VERSION = 4.2;
				TARGETED_DEVICE_FAMILY = "1,2";
			};
			name = Release;
		};
/* End XCBuildConfiguration section */

/* Begin XCConfigurationList section */
		F3E27C3F20C77B1F003F3DBB /* Build configuration list for PBXProject "LottieSample" */ = {
			isa = XCConfigurationList;
			buildConfigurations = (
				F3E27C5420C77B20003F3DBB /* Debug */,
				F3E27C5520C77B20003F3DBB /* Release */,
			);
			defaultConfigurationIsVisible = 0;
			defaultConfigurationName = Release;
		};
		F3E27C5620C77B20003F3DBB /* Build configuration list for PBXNativeTarget "LottieSample" */ = {
			isa = XCConfigurationList;
			buildConfigurations = (
				F3E27C5720C77B20003F3DBB /* Debug */,
				F3E27C5820C77B20003F3DBB /* Release */,
			);
			defaultConfigurationIsVisible = 0;
			defaultConfigurationName = Release;
		};
/* End XCConfigurationList section */
	};
	rootObject = F3E27C3C20C77B1F003F3DBB /* Project object */;
}
